
Microsoft Visual Studio Solution File, Format Version 12.00
# Visual Studio 15
VisualStudioVersion = 15.0.28307.1684
MinimumVisualStudioVersion = 10.0.40219.1
Project("{8BC9CEB8-8B4A-11D0-8D11-00A0C91BC942}") = "demo4", "demo4.vcxproj", "{AA3989FC-7B57-4C20-A11C-DF34941C561D}"
EndProject
Global
	GlobalSection(SolutionConfigurationPlatforms) = preSolution
		Debug|x64 = Debug|x64
		Debug|x86 = Debug|x86
		Release|x64 = Release|x64
		Release|x86 = Release|x86
	EndGlobalSection
	GlobalSection(ProjectConfigurationPlatforms) = postSolution
		{AA3989FC-7B57-4C20-A11C-DF34941C561D}.Debug|x64.ActiveCfg = Debug|x64
		{AA3989FC-7B57-4C20-A11C-DF34941C561D}.Debug|x64.Build.0 = Debug|x64
		{AA3989FC-7B57-4C20-A11C-DF34941C561D}.Debug|x86.ActiveCfg = Debug|Win32
		{AA3989FC-7B57-4C20-A11C-DF34941C561D}.Debug|x86.Build.0 = Debug|Win32
		{AA3989FC-7B57-4C20-A11C-DF34941C561D}.Release|x64.ActiveCfg = Release|x64
		{AA3989FC-7B57-4C20-A11C-DF34941C561D}.Release|x64.Build.0 = Release|x64
		{AA3989FC-7B57-4C20-A11C-DF34941C561D}.Release|x86.ActiveCfg = Release|Win32
		{AA3989FC-7B57-4C20-A11C-DF34941C561D}.Release|x86.Build.0 = Release|Win32
	EndGlobalSection
	GlobalSection(SolutionProperties) = preSolution
		HideSolutionNode = FALSE
	EndGlobalSection
	GlobalSection(ExtensibilityGlobals) = postSolution
		SolutionGuid = {A284C98A-25E3-453F-99B4-AB75A7E67D8F}
	EndGlobalSection
EndGlobal
