
Microsoft Visual Studio Solution File, Format Version 12.00
# Visual Studio 15
VisualStudioVersion = 15.0.28307.1684
MinimumVisualStudioVersion = 10.0.40219.1
Project("{8BC9CEB8-8B4A-11D0-8D11-00A0C91BC942}") = "demo3", "demo3.vcxproj", "{1451EF18-65D2-454B-A1D2-F4CE02555CF2}"
EndProject
Global
	GlobalSection(SolutionConfigurationPlatforms) = preSolution
		Debug|x64 = Debug|x64
		Debug|x86 = Debug|x86
		Release|x64 = Release|x64
		Release|x86 = Release|x86
	EndGlobalSection
	GlobalSection(ProjectConfigurationPlatforms) = postSolution
		{1451EF18-65D2-454B-A1D2-F4CE02555CF2}.Debug|x64.ActiveCfg = Debug|x64
		{1451EF18-65D2-454B-A1D2-F4CE02555CF2}.Debug|x64.Build.0 = Debug|x64
		{1451EF18-65D2-454B-A1D2-F4CE02555CF2}.Debug|x86.ActiveCfg = Debug|Win32
		{1451EF18-65D2-454B-A1D2-F4CE02555CF2}.Debug|x86.Build.0 = Debug|Win32
		{1451EF18-65D2-454B-A1D2-F4CE02555CF2}.Release|x64.ActiveCfg = Release|x64
		{1451EF18-65D2-454B-A1D2-F4CE02555CF2}.Release|x64.Build.0 = Release|x64
		{1451EF18-65D2-454B-A1D2-F4CE02555CF2}.Release|x86.ActiveCfg = Release|Win32
		{1451EF18-65D2-454B-A1D2-F4CE02555CF2}.Release|x86.Build.0 = Release|Win32
	EndGlobalSection
	GlobalSection(SolutionProperties) = preSolution
		HideSolutionNode = FALSE
	EndGlobalSection
	GlobalSection(ExtensibilityGlobals) = postSolution
		SolutionGuid = {6602DD8F-A9BC-4713-AF5B-56817745240F}
	EndGlobalSection
EndGlobal
