
Microsoft Visual Studio Solution File, Format Version 12.00
# Visual Studio 15
VisualStudioVersion = 15.0.28307.1684
MinimumVisualStudioVersion = 10.0.40219.1
Project("{8BC9CEB8-8B4A-11D0-8D11-00A0C91BC942}") = "demo4", "demo4.vcxproj", "{C1DEA9C6-59D1-49E2-87EE-4A376C2AE1F2}"
EndProject
Global
	GlobalSection(SolutionConfigurationPlatforms) = preSolution
		Debug|x64 = Debug|x64
		Debug|x86 = Debug|x86
		Release|x64 = Release|x64
		Release|x86 = Release|x86
	EndGlobalSection
	GlobalSection(ProjectConfigurationPlatforms) = postSolution
		{C1DEA9C6-59D1-49E2-87EE-4A376C2AE1F2}.Debug|x64.ActiveCfg = Debug|x64
		{C1DEA9C6-59D1-49E2-87EE-4A376C2AE1F2}.Debug|x64.Build.0 = Debug|x64
		{C1DEA9C6-59D1-49E2-87EE-4A376C2AE1F2}.Debug|x86.ActiveCfg = Debug|Win32
		{C1DEA9C6-59D1-49E2-87EE-4A376C2AE1F2}.Debug|x86.Build.0 = Debug|Win32
		{C1DEA9C6-59D1-49E2-87EE-4A376C2AE1F2}.Release|x64.ActiveCfg = Release|x64
		{C1DEA9C6-59D1-49E2-87EE-4A376C2AE1F2}.Release|x64.Build.0 = Release|x64
		{C1DEA9C6-59D1-49E2-87EE-4A376C2AE1F2}.Release|x86.ActiveCfg = Release|Win32
		{C1DEA9C6-59D1-49E2-87EE-4A376C2AE1F2}.Release|x86.Build.0 = Release|Win32
	EndGlobalSection
	GlobalSection(SolutionProperties) = preSolution
		HideSolutionNode = FALSE
	EndGlobalSection
	GlobalSection(ExtensibilityGlobals) = postSolution
		SolutionGuid = {FDA71AF8-A9F7-4FBB-A9D1-BEF8F56CDCDA}
	EndGlobalSection
EndGlobal
